// !$*UTF8*$!
{
	archiveVersion = 1;
	classes = {
	};
	objectVersion = 56;
	objects = {

/* Begin PBXBuildFile section */
		AEC8BAE3295873D300ABD58A /* AppDelegate.swift in Sources */ = {isa = PBXBuildFile; fileRef = AEC8BAE2295873D300ABD58A /* AppDelegate.swift */; };
		AEC8BAE5295873D300ABD58A /* SceneDelegate.swift in Sources */ = {isa = PBXBuildFile; fileRef = AEC8BAE4295873D300ABD58A /* SceneDelegate.swift */; };
		AEC8BAE7295873D300ABD58A /* ViewController.swift in Sources */ = {isa = PBXBuildFile; fileRef = AEC8BAE6295873D300ABD58A /* ViewController.swift */; };
		AEC8BAEA295873D300ABD58A /* Main.storyboard in Resources */ = {isa = PBXBuildFile; fileRef = AEC8BAE8295873D300ABD58A /* Main.storyboard */; };
		AEC8BAEC295873D400ABD58A /* Assets.xcassets in Resources */ = {isa = PBXBuildFile; fileRef = AEC8BAEB295873D400ABD58A /* Assets.xcassets */; };
		AEC8BAEF295873D400ABD58A /* LaunchScreen.storyboard in Resources */ = {isa = PBXBuildFile; fileRef = AEC8BAED295873D400ABD58A /* LaunchScreen.storyboard */; };
		AEC8BB0A29587D4200ABD58A /* GithubActionTestTests.swift in Sources */ = {isa = PBXBuildFile; fileRef = AEC8BB0929587D4200ABD58A /* GithubActionTestTests.swift */; };
/* End PBXBuildFile section */

/* Begin PBXContainerItemProxy section */
		AEC8BB0B29587D4200ABD58A /* PBXContainerItemProxy */ = {
			isa = PBXContainerItemProxy;
			containerPortal = AEC8BAD7295873D300ABD58A /* Project object */;
			proxyType = 1;
			remoteGlobalIDString = AEC8BADE295873D300ABD58A;
			remoteInfo = GithubActionTest;
		};
/* End PBXContainerItemProxy section */

/* Begin PBXFileReference section */
		AEC8BADF295873D300ABD58A /* GithubActionTest.app */ = {isa = PBXFileReference; explicitFileType = wrapper.application; includeInIndex = 0; path = GithubActionTest.app; sourceTree = BUILT_PRODUCTS_DIR; };
		AEC8BAE2295873D300ABD58A /* AppDelegate.swift */ = {isa = PBXFileReference; lastKnownFileType = sourcecode.swift; path = AppDelegate.swift; sourceTree = "<group>"; };
		AEC8BAE4295873D300ABD58A /* SceneDelegate.swift */ = {isa = PBXFileReference; lastKnownFileType = sourcecode.swift; path = SceneDelegate.swift; sourceTree = "<group>"; };
		AEC8BAE6295873D300ABD58A /* ViewController.swift */ = {isa = PBXFileReference; lastKnownFileType = sourcecode.swift; path = ViewController.swift; sourceTree = "<group>"; };
		AEC8BAE9295873D300ABD58A /* Base */ = {isa = PBXFileReference; lastKnownFileType = file.storyboard; name = Base; path = Base.lproj/Main.storyboard; sourceTree = "<group>"; };
		AEC8BAEB295873D400ABD58A /* Assets.xcassets */ = {isa = PBXFileReference; lastKnownFileType = folder.assetcatalog; path = Assets.xcassets; sourceTree = "<group>"; };
		AEC8BAEE295873D400ABD58A /* Base */ = {isa = PBXFileReference; lastKnownFileType = file.storyboard; name = Base; path = Base.lproj/LaunchScreen.storyboard; sourceTree = "<group>"; };
		AEC8BAF0295873D400ABD58A /* Info.plist */ = {isa = PBXFileReference; lastKnownFileType = text.plist.xml; path = Info.plist; sourceTree = "<group>"; };
		AEC8BB0729587D4200ABD58A /* GithubActionTestTests.xctest */ = {isa = PBXFileReference; explicitFileType = wrapper.cfbundle; includeInIndex = 0; path = GithubActionTestTests.xctest; sourceTree = BUILT_PRODUCTS_DIR; };
		AEC8BB0929587D4200ABD58A /* GithubActionTestTests.swift */ = {isa = PBXFileReference; lastKnownFileType = sourcecode.swift; path = GithubActionTestTests.swift; sourceTree = "<group>"; };
/* End PBXFileReference section */

/* Begin PBXFrameworksBuildPhase section */
		AEC8BADC295873D300ABD58A /* Frameworks */ = {
			isa = PBXFrameworksBuildPhase;
			buildActionMask = 2147483647;
			files = (
			);
			runOnlyForDeploymentPostprocessing = 0;
		};
		AEC8BB0429587D4200ABD58A /* Frameworks */ = {
			isa = PBXFrameworksBuildPhase;
			buildActionMask = 2147483647;
			files = (
			);
			runOnlyForDeploymentPostprocessing = 0;
		};
/* End PBXFrameworksBuildPhase section */

/* Begin PBXGroup section */
		AEC8BAD6295873D300ABD58A = {
			isa = PBXGroup;
			children = (
				AEC8BAE1295873D300ABD58A /* GithubActionTest */,
				AEC8BB0829587D4200ABD58A /* GithubActionTestTests */,
				AEC8BAE0295873D300ABD58A /* Products */,
			);
			sourceTree = "<group>";
		};
		AEC8BAE0295873D300ABD58A /* Products */ = {
			isa = PBXGroup;
			children = (
				AEC8BADF295873D300ABD58A /* GithubActionTest.app */,
				AEC8BB0729587D4200ABD58A /* GithubActionTestTests.xctest */,
			);
			name = Products;
			sourceTree = "<group>";
		};
		AEC8BAE1295873D300ABD58A /* GithubActionTest */ = {
			isa = PBXGroup;
			children = (
				AEC8BAE2295873D300ABD58A /* AppDelegate.swift */,
				AEC8BAE4295873D300ABD58A /* SceneDelegate.swift */,
				AEC8BAE6295873D300ABD58A /* ViewController.swift */,
				AEC8BAE8295873D300ABD58A /* Main.storyboard */,
				AEC8BAEB295873D400ABD58A /* Assets.xcassets */,
				AEC8BAED295873D400ABD58A /* LaunchScreen.storyboard */,
				AEC8BAF0295873D400ABD58A /* Info.plist */,
			);
			path = GithubActionTest;
			sourceTree = "<group>";
		};
		AEC8BB0829587D4200ABD58A /* GithubActionTestTests */ = {
			isa = PBXGroup;
			children = (
				AEC8BB0929587D4200ABD58A /* GithubActionTestTests.swift */,
			);
			path = GithubActionTestTests;
			sourceTree = "<group>";
		};
/* End PBXGroup section */

/* Begin PBXNativeTarget section */
		AEC8BADE295873D300ABD58A /* GithubActionTest */ = {
			isa = PBXNativeTarget;
			buildConfigurationList = AEC8BAF3295873D400ABD58A /* Build configuration list for PBXNativeTarget "GithubActionTest" */;
			buildPhases = (
				AEC8BADB295873D300ABD58A /* Sources */,
				AEC8BADC295873D300ABD58A /* Frameworks */,
				AEC8BADD295873D300ABD58A /* Resources */,
			);
			buildRules = (
			);
			dependencies = (
			);
			name = GithubActionTest;
			productName = githubActionTest;
			productReference = AEC8BADF295873D300ABD58A /* GithubActionTest.app */;
			productType = "com.apple.product-type.application";
		};
		AEC8BB0629587D4200ABD58A /* GithubActionTestTests */ = {
			isa = PBXNativeTarget;
			buildConfigurationList = AEC8BB0F29587D4200ABD58A /* Build configuration list for PBXNativeTarget "GithubActionTestTests" */;
			buildPhases = (
				AEC8BB0329587D4200ABD58A /* Sources */,
				AEC8BB0429587D4200ABD58A /* Frameworks */,
				AEC8BB0529587D4200ABD58A /* Resources */,
			);
			buildRules = (
			);
			dependencies = (
				AEC8BB0C29587D4200ABD58A /* PBXTargetDependency */,
			);
			name = GithubActionTestTests;
			productName = GithubActionTestTests;
			productReference = AEC8BB0729587D4200ABD58A /* GithubActionTestTests.xctest */;
			productType = "com.apple.product-type.bundle.unit-test";
		};
/* End PBXNativeTarget section */

/* Begin PBXProject section */
		AEC8BAD7295873D300ABD58A /* Project object */ = {
			isa = PBXProject;
			attributes = {
				BuildIndependentTargetsInParallel = 1;
				LastSwiftUpdateCheck = 1420;
				LastUpgradeCheck = 1420;
				TargetAttributes = {
					AEC8BADE295873D300ABD58A = {
						CreatedOnToolsVersion = 14.2;
					};
					AEC8BB0629587D4200ABD58A = {
						CreatedOnToolsVersion = 14.2;
						TestTargetID = AEC8BADE295873D300ABD58A;
					};
				};
			};
			buildConfigurationList = AEC8BADA295873D300ABD58A /* Build configuration list for PBXProject "GithubActionTest" */;
			compatibilityVersion = "Xcode 14.0";
			developmentRegion = en;
			hasScannedForEncodings = 0;
			knownRegions = (
				en,
				Base,
			);
			mainGroup = AEC8BAD6295873D300ABD58A;
			productRefGroup = AEC8BAE0295873D300ABD58A /* Products */;
			projectDirPath = "";
			projectRoot = "";
			targets = (
				AEC8BADE295873D300ABD58A /* GithubActionTest */,
				AEC8BB0629587D4200ABD58A /* GithubActionTestTests */,
			);
		};
/* End PBXProject section */

/* Begin PBXResourcesBuildPhase section */
		AEC8BADD295873D300ABD58A /* Resources */ = {
			isa = PBXResourcesBuildPhase;
			buildActionMask = 2147483647;
			files = (
				AEC8BAEF295873D400ABD58A /* LaunchScreen.storyboard in Resources */,
				AEC8BAEC295873D400ABD58A /* Assets.xcassets in Resources */,
				AEC8BAEA295873D300ABD58A /* Main.storyboard in Resources */,
			);
			runOnlyForDeploymentPostprocessing = 0;
		};
		AEC8BB0529587D4200ABD58A /* Resources */ = {
			isa = PBXResourcesBuildPhase;
			buildActionMask = 2147483647;
			files = (
			);
			runOnlyForDeploymentPostprocessing = 0;
		};
/* End PBXResourcesBuildPhase section */

/* Begin PBXSourcesBuildPhase section */
		AEC8BADB295873D300ABD58A /* Sources */ = {
			isa = PBXSourcesBuildPhase;
			buildActionMask = 2147483647;
			files = (
				AEC8BAE7295873D300ABD58A /* ViewController.swift in Sources */,
				AEC8BAE3295873D300ABD58A /* AppDelegate.swift in Sources */,
				AEC8BAE5295873D300ABD58A /* SceneDelegate.swift in Sources */,
			);
			runOnlyForDeploymentPostprocessing = 0;
		};
		AEC8BB0329587D4200ABD58A /* Sources */ = {
			isa = PBXSourcesBuildPhase;
			buildActionMask = 2147483647;
			files = (
				AEC8BB0A29587D4200ABD58A /* GithubActionTestTests.swift in Sources */,
			);
			runOnlyForDeploymentPostprocessing = 0;
		};
/* End PBXSourcesBuildPhase section */

/* Begin PBXTargetDependency section */
		AEC8BB0C29587D4200ABD58A /* PBXTargetDependency */ = {
			isa = PBXTargetDependency;
			target = AEC8BADE295873D300ABD58A /* GithubActionTest */;
			targetProxy = AEC8BB0B29587D4200ABD58A /* PBXContainerItemProxy */;
		};
/* End PBXTargetDependency section */

/* Begin PBXVariantGroup section */
		AEC8BAE8295873D300ABD58A /* Main.storyboard */ = {
			isa = PBXVariantGroup;
			children = (
				AEC8BAE9295873D300ABD58A /* Base */,
			);
			name = Main.storyboard;
			sourceTree = "<group>";
		};
		AEC8BAED295873D400ABD58A /* LaunchScreen.storyboard */ = {
			isa = PBXVariantGroup;
			children = (
				AEC8BAEE295873D400ABD58A /* Base */,
			);
			name = LaunchScreen.storyboard;
			sourceTree = "<group>";
		};
/* End PBXVariantGroup section */

/* Begin XCBuildConfiguration section */
		AEC8BAF1295873D400ABD58A /* Debug */ = {
			isa = XCBuildConfiguration;
			buildSettings = {
				ALWAYS_SEARCH_USER_PATHS = NO;
				CLANG_ANALYZER_NONNULL = YES;
				CLANG_ANALYZER_NUMBER_OBJECT_CONVERSION = YES_AGGRESSIVE;
				CLANG_CXX_LANGUAGE_STANDARD = "gnu++20";
				CLANG_ENABLE_MODULES = YES;
				CLANG_ENABLE_OBJC_ARC = YES;
				CLANG_ENABLE_OBJC_WEAK = YES;
				CLANG_WARN_BLOCK_CAPTURE_AUTORELEASING = YES;
				CLANG_WARN_BOOL_CONVERSION = YES;
				CLANG_WARN_COMMA = YES;
				CLANG_WARN_CONSTANT_CONVERSION = YES;
				CLANG_WARN_DEPRECATED_OBJC_IMPLEMENTATIONS = YES;
				CLANG_WARN_DIRECT_OBJC_ISA_USAGE = YES_ERROR;
				CLANG_WARN_DOCUMENTATION_COMMENTS = YES;
				CLANG_WARN_EMPTY_BODY = YES;
				CLANG_WARN_ENUM_CONVERSION = YES;
				CLANG_WARN_INFINITE_RECURSION = YES;
				CLANG_WARN_INT_CONVERSION = YES;
				CLANG_WARN_NON_LITERAL_NULL_CONVERSION = YES;
				CLANG_WARN_OBJC_IMPLICIT_RETAIN_SELF = YES;
				CLANG_WARN_OBJC_LITERAL_CONVERSION = YES;
				CLANG_WARN_OBJC_ROOT_CLASS = YES_ERROR;
				CLANG_WARN_QUOTED_INCLUDE_IN_FRAMEWORK_HEADER = YES;
				CLANG_WARN_RANGE_LOOP_ANALYSIS = YES;
				CLANG_WARN_STRICT_PROTOTYPES = YES;
				CLANG_WARN_SUSPICIOUS_MOVE = YES;
				CLANG_WARN_UNGUARDED_AVAILABILITY = YES_AGGRESSIVE;
				CLANG_WARN_UNREACHABLE_CODE = YES;
				CLANG_WARN__DUPLICATE_METHOD_MATCH = YES;
				COPY_PHASE_STRIP = NO;
				DEBUG_INFORMATION_FORMAT = dwarf;
				ENABLE_STRICT_OBJC_MSGSEND = YES;
				ENABLE_TESTABILITY = YES;
				GCC_C_LANGUAGE_STANDARD = gnu11;
				GCC_DYNAMIC_NO_PIC = NO;
				GCC_NO_COMMON_BLOCKS = YES;
				GCC_OPTIMIZATION_LEVEL = 0;
				GCC_PREPROCESSOR_DEFINITIONS = (
					"DEBUG=1",
					"$(inherited)",
				);
				GCC_WARN_64_TO_32_BIT_CONVERSION = YES;
				GCC_WARN_ABOUT_RETURN_TYPE = YES_ERROR;
				GCC_WARN_UNDECLARED_SELECTOR = YES;
				GCC_WARN_UNINITIALIZED_AUTOS = YES_AGGRESSIVE;
				GCC_WARN_UNUSED_FUNCTION = YES;
				GCC_WARN_UNUSED_VARIABLE = YES;
				IPHONEOS_DEPLOYMENT_TARGET = 14.0;
				MTL_ENABLE_DEBUG_INFO = INCLUDE_SOURCE;
				MTL_FAST_MATH = YES;
				ONLY_ACTIVE_ARCH = YES;
				SDKROOT = iphoneos;
				SWIFT_ACTIVE_COMPILATION_CONDITIONS = DEBUG;
				SWIFT_OPTIMIZATION_LEVEL = "-Onone";
			};
			name = Debug;
		};
		AEC8BAF2295873D400ABD58A /* Release */ = {
			isa = XCBuildConfiguration;
			buildSettings = {
				ALWAYS_SEARCH_USER_PATHS = NO;
				CLANG_ANALYZER_NONNULL = YES;
				CLANG_ANALYZER_NUMBER_OBJECT_CONVERSION = YES_AGGRESSIVE;
				CLANG_CXX_LANGUAGE_STANDARD = "gnu++20";
				CLANG_ENABLE_MODULES = YES;
				CLANG_ENABLE_OBJC_ARC = YES;
				CLANG_ENABLE_OBJC_WEAK = YES;
				CLANG_WARN_BLOCK_CAPTURE_AUTORELEASING = YES;
				CLANG_WARN_BOOL_CONVERSION = YES;
				CLANG_WARN_COMMA = YES;
				CLANG_WARN_CONSTANT_CONVERSION = YES;
				CLANG_WARN_DEPRECATED_OBJC_IMPLEMENTATIONS = YES;
				CLANG_WARN_DIRECT_OBJC_ISA_USAGE = YES_ERROR;
				CLANG_WARN_DOCUMENTATION_COMMENTS = YES;
				CLANG_WARN_EMPTY_BODY = YES;
				CLANG_WARN_ENUM_CONVERSION = YES;
				CLANG_WARN_INFINITE_RECURSION = YES;
				CLANG_WARN_INT_CONVERSION = YES;
				CLANG_WARN_NON_LITERAL_NULL_CONVERSION = YES;
				CLANG_WARN_OBJC_IMPLICIT_RETAIN_SELF = YES;
				CLANG_WARN_OBJC_LITERAL_CONVERSION = YES;
				CLANG_WARN_OBJC_ROOT_CLASS = YES_ERROR;
				CLANG_WARN_QUOTED_INCLUDE_IN_FRAMEWORK_HEADER = YES;
				CLANG_WARN_RANGE_LOOP_ANALYSIS = YES;
				CLANG_WARN_STRICT_PROTOTYPES = YES;
				CLANG_WARN_SUSPICIOUS_MOVE = YES;
				CLANG_WARN_UNGUARDED_AVAILABILITY = YES_AGGRESSIVE;
				CLANG_WARN_UNREACHABLE_CODE = YES;
				CLANG_WARN__DUPLICATE_METHOD_MATCH = YES;
				COPY_PHASE_STRIP = NO;
				DEBUG_INFORMATION_FORMAT = "dwarf-with-dsym";
				ENABLE_NS_ASSERTIONS = NO;
				ENABLE_STRICT_OBJC_MSGSEND = YES;
				GCC_C_LANGUAGE_STANDARD = gnu11;
				GCC_NO_COMMON_BLOCKS = YES;
				GCC_WARN_64_TO_32_BIT_CONVERSION = YES;
				GCC_WARN_ABOUT_RETURN_TYPE = YES_ERROR;
				GCC_WARN_UNDECLARED_SELECTOR = YES;
				GCC_WARN_UNINITIALIZED_AUTOS = YES_AGGRESSIVE;
				GCC_WARN_UNUSED_FUNCTION = YES;
				GCC_WARN_UNUSED_VARIABLE = YES;
				IPHONEOS_DEPLOYMENT_TARGET = 14.0;
				MTL_ENABLE_DEBUG_INFO = NO;
				MTL_FAST_MATH = YES;
				SDKROOT = iphoneos;
				SWIFT_COMPILATION_MODE = wholemodule;
				SWIFT_OPTIMIZATION_LEVEL = "-O";
				VALIDATE_PRODUCT = YES;
			};
			name = Release;
		};
		AEC8BAF4295873D400ABD58A /* Debug */ = {
			isa = XCBuildConfiguration;
			buildSettings = {
				ASSETCATALOG_COMPILER_APPICON_NAME = AppIcon;
				ASSETCATALOG_COMPILER_GLOBAL_ACCENT_COLOR_NAME = AccentColor;
				CODE_SIGN_STYLE = Automatic;
				CURRENT_PROJECT_VERSION = 1;
				DEVELOPMENT_TEAM = HWBJNMY98D;
				GENERATE_INFOPLIST_FILE = YES;
				INFOPLIST_FILE = githubActionTest/Info.plist;
				INFOPLIST_KEY_UIApplicationSupportsIndirectInputEvents = YES;
				INFOPLIST_KEY_UILaunchStoryboardName = LaunchScreen;
				INFOPLIST_KEY_UIMainStoryboardFile = Main;
				INFOPLIST_KEY_UISupportedInterfaceOrientations_iPad = "UIInterfaceOrientationPortrait UIInterfaceOrientationPortraitUpsideDown UIInterfaceOrientationLandscapeLeft UIInterfaceOrientationLandscapeRight";
				INFOPLIST_KEY_UISupportedInterfaceOrientations_iPhone = "UIInterfaceOrientationPortrait UIInterfaceOrientationLandscapeLeft UIInterfaceOrientationLandscapeRight";
				LD_RUNPATH_SEARCH_PATHS = (
					"$(inherited)",
					"@executable_path/Frameworks",
				);
				MARKETING_VERSION = 1.0;
				PRODUCT_BUNDLE_IDENTIFIER = com.zaezero.githubActionTest;
				PRODUCT_NAME = "$(TARGET_NAME)";
				SWIFT_EMIT_LOC_STRINGS = YES;
				SWIFT_VERSION = 5.0;
				TARGETED_DEVICE_FAMILY = "1,2";
			};
			name = Debug;
		};
		AEC8BAF5295873D400ABD58A /* Release */ = {
			isa = XCBuildConfiguration;
			buildSettings = {
				ASSETCATALOG_COMPILER_APPICON_NAME = AppIcon;
				ASSETCATALOG_COMPILER_GLOBAL_ACCENT_COLOR_NAME = AccentColor;
				CODE_SIGN_STYLE = Automatic;
				CURRENT_PROJECT_VERSION = 1;
				DEVELOPMENT_TEAM = HWBJNMY98D;
				GENERATE_INFOPLIST_FILE = YES;
				INFOPLIST_FILE = githubActionTest/Info.plist;
				INFOPLIST_KEY_UIApplicationSupportsIndirectInputEvents = YES;
				INFOPLIST_KEY_UILaunchStoryboardName = LaunchScreen;
				INFOPLIST_KEY_UIMainStoryboardFile = Main;
				INFOPLIST_KEY_UISupportedInterfaceOrientations_iPad = "UIInterfaceOrientationPortrait UIInterfaceOrientationPortraitUpsideDown UIInterfaceOrientationLandscapeLeft UIInterfaceOrientationLandscapeRight";
				INFOPLIST_KEY_UISupportedInterfaceOrientations_iPhone = "UIInterfaceOrientationPortrait UIInterfaceOrientationLandscapeLeft UIInterfaceOrientationLandscapeRight";
				LD_RUNPATH_SEARCH_PATHS = (
					"$(inherited)",
					"@executable_path/Frameworks",
				);
				MARKETING_VERSION = 1.0;
				PRODUCT_BUNDLE_IDENTIFIER = com.zaezero.githubActionTest;
				PRODUCT_NAME = "$(TARGET_NAME)";
				SWIFT_EMIT_LOC_STRINGS = YES;
				SWIFT_VERSION = 5.0;
				TARGETED_DEVICE_FAMILY = "1,2";
			};
			name = Release;
		};
		AEC8BB0D29587D4200ABD58A /* Debug */ = {
			isa = XCBuildConfiguration;
			buildSettings = {
				BUNDLE_LOADER = "$(TEST_HOST)";
				CODE_SIGN_STYLE = Automatic;
				CURRENT_PROJECT_VERSION = 1;
				DEVELOPMENT_TEAM = HWBJNMY98D;
				GENERATE_INFOPLIST_FILE = YES;
				MARKETING_VERSION = 1.0;
				PRODUCT_BUNDLE_IDENTIFIER = com.zaezero.GithubActionTestTests;
				PRODUCT_NAME = "$(TARGET_NAME)";
				SWIFT_EMIT_LOC_STRINGS = NO;
				SWIFT_VERSION = 5.0;
				TARGETED_DEVICE_FAMILY = "1,2";
				TEST_HOST = "$(BUILT_PRODUCTS_DIR)/GithubActionTest.app/$(BUNDLE_EXECUTABLE_FOLDER_PATH)/GithubActionTest";
			};
			name = Debug;
		};
		AEC8BB0E29587D4200ABD58A /* Release */ = {
			isa = XCBuildConfiguration;
			buildSettings = {
				BUNDLE_LOADER = "$(TEST_HOST)";
				CODE_SIGN_STYLE = Automatic;
				CURRENT_PROJECT_VERSION = 1;
				DEVELOPMENT_TEAM = HWBJNMY98D;
				GENERATE_INFOPLIST_FILE = YES;
				MARKETING_VERSION = 1.0;
				PRODUCT_BUNDLE_IDENTIFIER = com.zaezero.GithubActionTestTests;
				PRODUCT_NAME = "$(TARGET_NAME)";
				SWIFT_EMIT_LOC_STRINGS = NO;
				SWIFT_VERSION = 5.0;
				TARGETED_DEVICE_FAMILY = "1,2";
				TEST_HOST = "$(BUILT_PRODUCTS_DIR)/GithubActionTest.app/$(BUNDLE_EXECUTABLE_FOLDER_PATH)/GithubActionTest";
			};
			name = Release;
		};
/* End XCBuildConfiguration section */

/* Begin XCConfigurationList section */
		AEC8BADA295873D300ABD58A /* Build configuration list for PBXProject "GithubActionTest" */ = {
			isa = XCConfigurationList;
			buildConfigurations = (
				AEC8BAF1295873D400ABD58A /* Debug */,
				AEC8BAF2295873D400ABD58A /* Release */,
			);
			defaultConfigurationIsVisible = 0;
			defaultConfigurationName = Release;
		};
		AEC8BAF3295873D400ABD58A /* Build configuration list for PBXNativeTarget "GithubActionTest" */ = {
			isa = XCConfigurationList;
			buildConfigurations = (
				AEC8BAF4295873D400ABD58A /* Debug */,
				AEC8BAF5295873D400ABD58A /* Release */,
			);
			defaultConfigurationIsVisible = 0;
			defaultConfigurationName = Release;
		};
		AEC8BB0F29587D4200ABD58A /* Build configuration list for PBXNativeTarget "GithubActionTestTests" */ = {
			isa = XCConfigurationList;
			buildConfigurations = (
				AEC8BB0D29587D4200ABD58A /* Debug */,
				AEC8BB0E29587D4200ABD58A /* Release */,
			);
			defaultConfigurationIsVisible = 0;
			defaultConfigurationName = Release;
		};
/* End XCConfigurationList section */
	};
	rootObject = AEC8BAD7295873D300ABD58A /* Project object */;
}
